
Microsoft Visual Studio Solution File, Format Version 12.00
# Visual Studio 15
VisualStudioVersion = 15.0.28010.0
MinimumVisualStudioVersion = 10.0.40219.1
Project("{FAE04EC0-301F-11D3-BF4B-00C04F79EFBC}") = "AccountingAndWarehousing", "AccountingAndWarehousing\AccountingAndWarehousing.csproj", "{0C4B42EF-0602-42D4-A6AC-5E9413922C57}"
EndProject
Global
	GlobalSection(SolutionConfigurationPlatforms) = preSolution
		Debug|Any CPU = Debug|Any CPU
		Release|Any CPU = Release|Any CPU
	EndGlobalSection
	GlobalSection(ProjectConfigurationPlatforms) = postSolution
		{0C4B42EF-0602-42D4-A6AC-5E9413922C57}.Debug|Any CPU.ActiveCfg = Debug|Any CPU
		{0C4B42EF-0602-42D4-A6AC-5E9413922C57}.Debug|Any CPU.Build.0 = Debug|Any CPU
		{0C4B42EF-0602-42D4-A6AC-5E9413922C57}.Release|Any CPU.ActiveCfg = Release|Any CPU
		{0C4B42EF-0602-42D4-A6AC-5E9413922C57}.Release|Any CPU.Build.0 = Release|Any CPU
	EndGlobalSection
	GlobalSection(SolutionProperties) = preSolution
		HideSolutionNode = FALSE
	EndGlobalSection
	GlobalSection(ExtensibilityGlobals) = postSolution
		SolutionGuid = {84C63E81-484F-4112-86F5-CB852FE798C2}
	EndGlobalSection
EndGlobal
